
Microsoft Visual Studio Solution File, Format Version 12.00
# Visual Studio 2013
VisualStudioVersion = 12.0.31101.0
MinimumVisualStudioVersion = 10.0.40219.1
Project("{FAE04EC0-301F-11D3-BF4B-00C04F79EFBC}") = "AircraftSerializer", "AircraftSerializer\AircraftSerializer.csproj", "{1A099055-4D0C-4D23-AD55-2F30DC1B727C}"
EndProject
Project("{FAE04EC0-301F-11D3-BF4B-00C04F79EFBC}") = "KitePlugin", "KitePlugin\KitePlugin.csproj", "{E29EFD9E-69A7-41B3-B78F-7B846409DDD9}"
EndProject
Project("{FAE04EC0-301F-11D3-BF4B-00C04F79EFBC}") = "EncryptionPlugin", "EncryptionPlugin\EncryptionPlugin.csproj", "{0DCE1958-94F8-4DA8-9738-C5013D64F321}"
EndProject
Project("{FAE04EC0-301F-11D3-BF4B-00C04F79EFBC}") = "HashCounter", "E:\misc\dump\OOP3-master\OOP_laba3\HashCounter\HashCounter.csproj", "{0D78C468-835F-4204-AE1F-8DD0BFD2C6C5}"
EndProject
Global
	GlobalSection(SolutionConfigurationPlatforms) = preSolution
		Debug|Any CPU = Debug|Any CPU
		Release|Any CPU = Release|Any CPU
	EndGlobalSection
	GlobalSection(ProjectConfigurationPlatforms) = postSolution
		{1A099055-4D0C-4D23-AD55-2F30DC1B727C}.Debug|Any CPU.ActiveCfg = Debug|Any CPU
		{1A099055-4D0C-4D23-AD55-2F30DC1B727C}.Debug|Any CPU.Build.0 = Debug|Any CPU
		{1A099055-4D0C-4D23-AD55-2F30DC1B727C}.Release|Any CPU.ActiveCfg = Release|Any CPU
		{1A099055-4D0C-4D23-AD55-2F30DC1B727C}.Release|Any CPU.Build.0 = Release|Any CPU
		{E29EFD9E-69A7-41B3-B78F-7B846409DDD9}.Debug|Any CPU.ActiveCfg = Debug|Any CPU
		{E29EFD9E-69A7-41B3-B78F-7B846409DDD9}.Debug|Any CPU.Build.0 = Debug|Any CPU
		{E29EFD9E-69A7-41B3-B78F-7B846409DDD9}.Release|Any CPU.ActiveCfg = Release|Any CPU
		{E29EFD9E-69A7-41B3-B78F-7B846409DDD9}.Release|Any CPU.Build.0 = Release|Any CPU
		{0DCE1958-94F8-4DA8-9738-C5013D64F321}.Debug|Any CPU.ActiveCfg = Debug|Any CPU
		{0DCE1958-94F8-4DA8-9738-C5013D64F321}.Debug|Any CPU.Build.0 = Debug|Any CPU
		{0DCE1958-94F8-4DA8-9738-C5013D64F321}.Release|Any CPU.ActiveCfg = Release|Any CPU
		{0DCE1958-94F8-4DA8-9738-C5013D64F321}.Release|Any CPU.Build.0 = Release|Any CPU
		{0D78C468-835F-4204-AE1F-8DD0BFD2C6C5}.Debug|Any CPU.ActiveCfg = Debug|Any CPU
		{0D78C468-835F-4204-AE1F-8DD0BFD2C6C5}.Debug|Any CPU.Build.0 = Debug|Any CPU
		{0D78C468-835F-4204-AE1F-8DD0BFD2C6C5}.Release|Any CPU.ActiveCfg = Release|Any CPU
		{0D78C468-835F-4204-AE1F-8DD0BFD2C6C5}.Release|Any CPU.Build.0 = Release|Any CPU
	EndGlobalSection
	GlobalSection(SolutionProperties) = preSolution
		HideSolutionNode = FALSE
	EndGlobalSection
EndGlobal
